// !$*UTF8*$!
{
	archiveVersion = 1;
	classes = {
	};
	objectVersion = 51;
	objects = {

/* Begin PBXBuildFile section */
		CE649FE727159B8500774BE9 /* AppDelegate.swift in Sources */ = {isa = PBXBuildFile; fileRef = CE649FE627159B8500774BE9 /* AppDelegate.swift */; };
		CE649FE927159B8500774BE9 /* SceneDelegate.swift in Sources */ = {isa = PBXBuildFile; fileRef = CE649FE827159B8500774BE9 /* SceneDelegate.swift */; };
		CE649FEB27159B8500774BE9 /* ViewController.swift in Sources */ = {isa = PBXBuildFile; fileRef = CE649FEA27159B8500774BE9 /* ViewController.swift */; };
		CE649FEE27159B8500774BE9 /* Main.storyboard in Resources */ = {isa = PBXBuildFile; fileRef = CE649FEC27159B8500774BE9 /* Main.storyboard */; };
		CE649FF127159B8500774BE9 /* newsApp.xcdatamodeld in Sources */ = {isa = PBXBuildFile; fileRef = CE649FEF27159B8500774BE9 /* newsApp.xcdatamodeld */; };
		CE649FF327159B8500774BE9 /* Assets.xcassets in Resources */ = {isa = PBXBuildFile; fileRef = CE649FF227159B8500774BE9 /* Assets.xcassets */; };
		CE649FF627159B8500774BE9 /* LaunchScreen.storyboard in Resources */ = {isa = PBXBuildFile; fileRef = CE649FF427159B8500774BE9 /* LaunchScreen.storyboard */; };
		CE64A0022715A31400774BE9 /* .swiftlint.yml in Resources */ = {isa = PBXBuildFile; fileRef = CE64A0012715A31400774BE9 /* .swiftlint.yml */; };
		CEA87C5E271EC36400564DC8 /* loading.json in Resources */ = {isa = PBXBuildFile; fileRef = CEA87C5D271EC36400564DC8 /* loading.json */; };
		CEA87C68271ED16A00564DC8 /* Dosis-Regular.ttf in Resources */ = {isa = PBXBuildFile; fileRef = CEA87C67271ED16700564DC8 /* Dosis-Regular.ttf */; };
		CEA87C6B271ED4F700564DC8 /* SignInViewController.swift in Sources */ = {isa = PBXBuildFile; fileRef = CEA87C6A271ED4F700564DC8 /* SignInViewController.swift */; };
		CEA87C6D271ED50200564DC8 /* SignIn.storyboard in Resources */ = {isa = PBXBuildFile; fileRef = CEA87C6C271ED50200564DC8 /* SignIn.storyboard */; };
		CEA87C72271EE55700564DC8 /* SignInViewModel.swift in Sources */ = {isa = PBXBuildFile; fileRef = CEA87C71271EE55700564DC8 /* SignInViewModel.swift */; };
		CEA87C75271EFD5E00564DC8 /* SignInModel.swift in Sources */ = {isa = PBXBuildFile; fileRef = CEA87C74271EFD5E00564DC8 /* SignInModel.swift */; };
		CEA87C7C271F496800564DC8 /* Home.storyboard in Resources */ = {isa = PBXBuildFile; fileRef = CEA87C7B271F496800564DC8 /* Home.storyboard */; };
		CEA87C7E271F4B6200564DC8 /* HomeViewController.swift in Sources */ = {isa = PBXBuildFile; fileRef = CEA87C7D271F4B6200564DC8 /* HomeViewController.swift */; };
		CEA87C82271F4D5400564DC8 /* UIViewControllerExtensions.swift in Sources */ = {isa = PBXBuildFile; fileRef = CEA87C81271F4D5400564DC8 /* UIViewControllerExtensions.swift */; };
		CEA87C84271F4FE800564DC8 /* UIColorExtensions.swift in Sources */ = {isa = PBXBuildFile; fileRef = CEA87C83271F4FE800564DC8 /* UIColorExtensions.swift */; };
		CEA87C86271FD7B500564DC8 /* ProfileViewController.swift in Sources */ = {isa = PBXBuildFile; fileRef = CEA87C85271FD7B500564DC8 /* ProfileViewController.swift */; };
		CEA87C88271FD7EF00564DC8 /* SettingsViewController.swift in Sources */ = {isa = PBXBuildFile; fileRef = CEA87C87271FD7EF00564DC8 /* SettingsViewController.swift */; };
		CEA87C8C271FE93900564DC8 /* pumpkinLoading.json in Resources */ = {isa = PBXBuildFile; fileRef = CEA87C8B271FE93900564DC8 /* pumpkinLoading.json */; };
		CEA87C8E271FEE2F00564DC8 /* NewsModel.swift in Sources */ = {isa = PBXBuildFile; fileRef = CEA87C8D271FEE2F00564DC8 /* NewsModel.swift */; };
		CEA87C90271FF23900564DC8 /* APIConstants.swift in Sources */ = {isa = PBXBuildFile; fileRef = CEA87C8F271FF23900564DC8 /* APIConstants.swift */; };
		D8F2C0B1FB8898D4ED41C2E5 /* Pods_newsApp.framework in Frameworks */ = {isa = PBXBuildFile; fileRef = B49D11100318ABCDFB183840 /* Pods_newsApp.framework */; };
/* End PBXBuildFile section */

/* Begin PBXFileReference section */
		2E32DAF430AF28F37BFF7214 /* Pods-newsApp.debug.xcconfig */ = {isa = PBXFileReference; includeInIndex = 1; lastKnownFileType = text.xcconfig; name = "Pods-newsApp.debug.xcconfig"; path = "Target Support Files/Pods-newsApp/Pods-newsApp.debug.xcconfig"; sourceTree = "<group>"; };
		A5383CC124A504D7E9F8CC2D /* Pods-newsApp.release.xcconfig */ = {isa = PBXFileReference; includeInIndex = 1; lastKnownFileType = text.xcconfig; name = "Pods-newsApp.release.xcconfig"; path = "Target Support Files/Pods-newsApp/Pods-newsApp.release.xcconfig"; sourceTree = "<group>"; };
		B49D11100318ABCDFB183840 /* Pods_newsApp.framework */ = {isa = PBXFileReference; explicitFileType = wrapper.framework; includeInIndex = 0; path = Pods_newsApp.framework; sourceTree = BUILT_PRODUCTS_DIR; };
		CE649FE327159B8500774BE9 /* newsApp.app */ = {isa = PBXFileReference; explicitFileType = wrapper.application; includeInIndex = 0; path = newsApp.app; sourceTree = BUILT_PRODUCTS_DIR; };
		CE649FE627159B8500774BE9 /* AppDelegate.swift */ = {isa = PBXFileReference; lastKnownFileType = sourcecode.swift; path = AppDelegate.swift; sourceTree = "<group>"; };
		CE649FE827159B8500774BE9 /* SceneDelegate.swift */ = {isa = PBXFileReference; lastKnownFileType = sourcecode.swift; path = SceneDelegate.swift; sourceTree = "<group>"; };
		CE649FEA27159B8500774BE9 /* ViewController.swift */ = {isa = PBXFileReference; lastKnownFileType = sourcecode.swift; path = ViewController.swift; sourceTree = "<group>"; };
		CE649FED27159B8500774BE9 /* Base */ = {isa = PBXFileReference; lastKnownFileType = file.storyboard; name = Base; path = Base.lproj/Main.storyboard; sourceTree = "<group>"; };
		CE649FF027159B8500774BE9 /* newsApp.xcdatamodel */ = {isa = PBXFileReference; lastKnownFileType = wrapper.xcdatamodel; path = newsApp.xcdatamodel; sourceTree = "<group>"; };
		CE649FF227159B8500774BE9 /* Assets.xcassets */ = {isa = PBXFileReference; lastKnownFileType = folder.assetcatalog; path = Assets.xcassets; sourceTree = "<group>"; };
		CE649FF527159B8500774BE9 /* Base */ = {isa = PBXFileReference; lastKnownFileType = file.storyboard; name = Base; path = Base.lproj/LaunchScreen.storyboard; sourceTree = "<group>"; };
		CE649FF727159B8500774BE9 /* Info.plist */ = {isa = PBXFileReference; lastKnownFileType = text.plist.xml; path = Info.plist; sourceTree = "<group>"; };
		CE64A0012715A31400774BE9 /* .swiftlint.yml */ = {isa = PBXFileReference; fileEncoding = 4; lastKnownFileType = text.yaml; path = .swiftlint.yml; sourceTree = "<group>"; };
		CEA87C5D271EC36400564DC8 /* loading.json */ = {isa = PBXFileReference; fileEncoding = 4; lastKnownFileType = text.json; path = loading.json; sourceTree = "<group>"; };
		CEA87C67271ED16700564DC8 /* Dosis-Regular.ttf */ = {isa = PBXFileReference; lastKnownFileType = file; path = "Dosis-Regular.ttf"; sourceTree = "<group>"; };
		CEA87C6A271ED4F700564DC8 /* SignInViewController.swift */ = {isa = PBXFileReference; lastKnownFileType = sourcecode.swift; path = SignInViewController.swift; sourceTree = "<group>"; };
		CEA87C6C271ED50200564DC8 /* SignIn.storyboard */ = {isa = PBXFileReference; lastKnownFileType = file.storyboard; path = SignIn.storyboard; sourceTree = "<group>"; };
		CEA87C71271EE55700564DC8 /* SignInViewModel.swift */ = {isa = PBXFileReference; lastKnownFileType = sourcecode.swift; path = SignInViewModel.swift; sourceTree = "<group>"; };
		CEA87C74271EFD5E00564DC8 /* SignInModel.swift */ = {isa = PBXFileReference; lastKnownFileType = sourcecode.swift; path = SignInModel.swift; sourceTree = "<group>"; };
		CEA87C7B271F496800564DC8 /* Home.storyboard */ = {isa = PBXFileReference; lastKnownFileType = file.storyboard; path = Home.storyboard; sourceTree = "<group>"; };
		CEA87C7D271F4B6200564DC8 /* HomeViewController.swift */ = {isa = PBXFileReference; lastKnownFileType = sourcecode.swift; path = HomeViewController.swift; sourceTree = "<group>"; };
		CEA87C81271F4D5400564DC8 /* UIViewControllerExtensions.swift */ = {isa = PBXFileReference; lastKnownFileType = sourcecode.swift; path = UIViewControllerExtensions.swift; sourceTree = "<group>"; };
		CEA87C83271F4FE800564DC8 /* UIColorExtensions.swift */ = {isa = PBXFileReference; lastKnownFileType = sourcecode.swift; path = UIColorExtensions.swift; sourceTree = "<group>"; };
		CEA87C85271FD7B500564DC8 /* ProfileViewController.swift */ = {isa = PBXFileReference; lastKnownFileType = sourcecode.swift; path = ProfileViewController.swift; sourceTree = "<group>"; };
		CEA87C87271FD7EF00564DC8 /* SettingsViewController.swift */ = {isa = PBXFileReference; lastKnownFileType = sourcecode.swift; path = SettingsViewController.swift; sourceTree = "<group>"; };
		CEA87C8B271FE93900564DC8 /* pumpkinLoading.json */ = {isa = PBXFileReference; fileEncoding = 4; lastKnownFileType = text.json; path = pumpkinLoading.json; sourceTree = "<group>"; };
		CEA87C8D271FEE2F00564DC8 /* NewsModel.swift */ = {isa = PBXFileReference; lastKnownFileType = sourcecode.swift; path = NewsModel.swift; sourceTree = "<group>"; };
		CEA87C8F271FF23900564DC8 /* APIConstants.swift */ = {isa = PBXFileReference; lastKnownFileType = sourcecode.swift; path = APIConstants.swift; sourceTree = "<group>"; };
/* End PBXFileReference section */

/* Begin PBXFrameworksBuildPhase section */
		CE649FE027159B8500774BE9 /* Frameworks */ = {
			isa = PBXFrameworksBuildPhase;
			buildActionMask = 2147483647;
			files = (
				D8F2C0B1FB8898D4ED41C2E5 /* Pods_newsApp.framework in Frameworks */,
			);
			runOnlyForDeploymentPostprocessing = 0;
		};
/* End PBXFrameworksBuildPhase section */

/* Begin PBXGroup section */
		3B58D19BEE1BAA274D779363 /* Pods */ = {
			isa = PBXGroup;
			children = (
				2E32DAF430AF28F37BFF7214 /* Pods-newsApp.debug.xcconfig */,
				A5383CC124A504D7E9F8CC2D /* Pods-newsApp.release.xcconfig */,
			);
			path = Pods;
			sourceTree = "<group>";
		};
		7DFD46A96E9BDEA3FD0A0A2B /* Frameworks */ = {
			isa = PBXGroup;
			children = (
				B49D11100318ABCDFB183840 /* Pods_newsApp.framework */,
			);
			name = Frameworks;
			sourceTree = "<group>";
		};
		CE649FDA27159B8500774BE9 = {
			isa = PBXGroup;
			children = (
				CE64A0012715A31400774BE9 /* .swiftlint.yml */,
				CE649FE527159B8500774BE9 /* newsApp */,
				CE649FE427159B8500774BE9 /* Products */,
				3B58D19BEE1BAA274D779363 /* Pods */,
				7DFD46A96E9BDEA3FD0A0A2B /* Frameworks */,
			);
			sourceTree = "<group>";
		};
		CE649FE427159B8500774BE9 /* Products */ = {
			isa = PBXGroup;
			children = (
				CE649FE327159B8500774BE9 /* newsApp.app */,
			);
			name = Products;
			sourceTree = "<group>";
		};
		CE649FE527159B8500774BE9 /* newsApp */ = {
			isa = PBXGroup;
			children = (
				CE649FF727159B8500774BE9 /* Info.plist */,
				CE649FFD27159E6800774BE9 /* Application */,
				CE649FFE27159E9500774BE9 /* CoreData */,
				CEA87C73271EFD4300564DC8 /* Models */,
				CE901A0F271D495C00DEC766 /* Modules */,
				CE649FFF27159EA800774BE9 /* Resources */,
				CEA87C7F271F4D1300564DC8 /* Utils */,
			);
			path = newsApp;
			sourceTree = "<group>";
		};
		CE649FFD27159E6800774BE9 /* Application */ = {
			isa = PBXGroup;
			children = (
				CE649FE627159B8500774BE9 /* AppDelegate.swift */,
				CE649FE827159B8500774BE9 /* SceneDelegate.swift */,
			);
			path = Application;
			sourceTree = "<group>";
		};
		CE649FFE27159E9500774BE9 /* CoreData */ = {
			isa = PBXGroup;
			children = (
				CE649FEF27159B8500774BE9 /* newsApp.xcdatamodeld */,
			);
			path = CoreData;
			sourceTree = "<group>";
		};
		CE649FFF27159EA800774BE9 /* Resources */ = {
			isa = PBXGroup;
			children = (
				CEA87C5F271ECA8E00564DC8 /* Fonts */,
				CEA87C56271EC23C00564DC8 /* Animations */,
				CE649FF227159B8500774BE9 /* Assets.xcassets */,
			);
			path = Resources;
			sourceTree = "<group>";
		};
		CE901A0F271D495C00DEC766 /* Modules */ = {
			isa = PBXGroup;
			children = (
				CE649FF427159B8500774BE9 /* LaunchScreen.storyboard */,
				CE901A10271D4A0200DEC766 /* Main */,
				CEA87C69271ED49400564DC8 /* SignIn */,
				CEA87C7A271F480100564DC8 /* TabBar */,
			);
			path = Modules;
			sourceTree = "<group>";
		};
		CE901A10271D4A0200DEC766 /* Main */ = {
			isa = PBXGroup;
			children = (
				CE649FEC27159B8500774BE9 /* Main.storyboard */,
				CE649FEA27159B8500774BE9 /* ViewController.swift */,
			);
			path = Main;
			sourceTree = "<group>";
		};
		CEA87C56271EC23C00564DC8 /* Animations */ = {
			isa = PBXGroup;
			children = (
				CEA87C5D271EC36400564DC8 /* loading.json */,
				CEA87C8B271FE93900564DC8 /* pumpkinLoading.json */,
			);
			path = Animations;
			sourceTree = "<group>";
		};
		CEA87C5F271ECA8E00564DC8 /* Fonts */ = {
			isa = PBXGroup;
			children = (
				CEA87C67271ED16700564DC8 /* Dosis-Regular.ttf */,
			);
			path = Fonts;
			sourceTree = "<group>";
		};
		CEA87C69271ED49400564DC8 /* SignIn */ = {
			isa = PBXGroup;
			children = (
				CEA87C6C271ED50200564DC8 /* SignIn.storyboard */,
				CEA87C6A271ED4F700564DC8 /* SignInViewController.swift */,
				CEA87C71271EE55700564DC8 /* SignInViewModel.swift */,
			);
			path = SignIn;
			sourceTree = "<group>";
		};
		CEA87C73271EFD4300564DC8 /* Models */ = {
			isa = PBXGroup;
			children = (
				CEA87C74271EFD5E00564DC8 /* SignInModel.swift */,
				CEA87C8D271FEE2F00564DC8 /* NewsModel.swift */,
			);
			path = Models;
			sourceTree = "<group>";
		};
		CEA87C7A271F480100564DC8 /* TabBar */ = {
			isa = PBXGroup;
			children = (
				CEA87C7B271F496800564DC8 /* Home.storyboard */,
				CEA87C7D271F4B6200564DC8 /* HomeViewController.swift */,
				CEA87C85271FD7B500564DC8 /* ProfileViewController.swift */,
				CEA87C87271FD7EF00564DC8 /* SettingsViewController.swift */,
			);
			path = TabBar;
			sourceTree = "<group>";
		};
		CEA87C7F271F4D1300564DC8 /* Utils */ = {
			isa = PBXGroup;
			children = (
				CEA87C8F271FF23900564DC8 /* APIConstants.swift */,
				CEA87C80271F4D3E00564DC8 /* Extensions */,
			);
			path = Utils;
			sourceTree = "<group>";
		};
		CEA87C80271F4D3E00564DC8 /* Extensions */ = {
			isa = PBXGroup;
			children = (
				CEA87C81271F4D5400564DC8 /* UIViewControllerExtensions.swift */,
				CEA87C83271F4FE800564DC8 /* UIColorExtensions.swift */,
			);
			path = Extensions;
			sourceTree = "<group>";
		};
/* End PBXGroup section */

/* Begin PBXNativeTarget section */
		CE649FE227159B8500774BE9 /* newsApp */ = {
			isa = PBXNativeTarget;
			buildConfigurationList = CE649FFA27159B8500774BE9 /* Build configuration list for PBXNativeTarget "newsApp" */;
			buildPhases = (
				C7E346466041965112CD261F /* [CP] Check Pods Manifest.lock */,
				CE64A0002715A29200774BE9 /* ShellScript */,
				CE649FDF27159B8500774BE9 /* Sources */,
				CE649FE027159B8500774BE9 /* Frameworks */,
				CE649FE127159B8500774BE9 /* Resources */,
				5D8DD2DFD8726654F0A52A65 /* [CP] Embed Pods Frameworks */,
			);
			buildRules = (
			);
			dependencies = (
			);
			name = newsApp;
			productName = newsApp;
			productReference = CE649FE327159B8500774BE9 /* newsApp.app */;
			productType = "com.apple.product-type.application";
		};
/* End PBXNativeTarget section */

/* Begin PBXProject section */
		CE649FDB27159B8500774BE9 /* Project object */ = {
			isa = PBXProject;
			attributes = {
				LastSwiftUpdateCheck = 1250;
				LastUpgradeCheck = 1250;
				TargetAttributes = {
					CE649FE227159B8500774BE9 = {
						CreatedOnToolsVersion = 12.5.1;
					};
				};
			};
			buildConfigurationList = CE649FDE27159B8500774BE9 /* Build configuration list for PBXProject "newsApp" */;
			compatibilityVersion = "Xcode 9.3";
			developmentRegion = en;
			hasScannedForEncodings = 0;
			knownRegions = (
				en,
				Base,
			);
			mainGroup = CE649FDA27159B8500774BE9;
			productRefGroup = CE649FE427159B8500774BE9 /* Products */;
			projectDirPath = "";
			projectRoot = "";
			targets = (
				CE649FE227159B8500774BE9 /* newsApp */,
			);
		};
/* End PBXProject section */

/* Begin PBXResourcesBuildPhase section */
		CE649FE127159B8500774BE9 /* Resources */ = {
			isa = PBXResourcesBuildPhase;
			buildActionMask = 2147483647;
			files = (
				CE64A0022715A31400774BE9 /* .swiftlint.yml in Resources */,
				CE649FF627159B8500774BE9 /* LaunchScreen.storyboard in Resources */,
				CE649FF327159B8500774BE9 /* Assets.xcassets in Resources */,
				CE649FEE27159B8500774BE9 /* Main.storyboard in Resources */,
				CEA87C68271ED16A00564DC8 /* Dosis-Regular.ttf in Resources */,
				CEA87C6D271ED50200564DC8 /* SignIn.storyboard in Resources */,
				CEA87C8C271FE93900564DC8 /* pumpkinLoading.json in Resources */,
				CEA87C5E271EC36400564DC8 /* loading.json in Resources */,
				CEA87C7C271F496800564DC8 /* Home.storyboard in Resources */,
			);
			runOnlyForDeploymentPostprocessing = 0;
		};
/* End PBXResourcesBuildPhase section */

/* Begin PBXShellScriptBuildPhase section */
		5D8DD2DFD8726654F0A52A65 /* [CP] Embed Pods Frameworks */ = {
			isa = PBXShellScriptBuildPhase;
			buildActionMask = 2147483647;
			files = (
			);
			inputFileListPaths = (
				"${PODS_ROOT}/Target Support Files/Pods-newsApp/Pods-newsApp-frameworks-${CONFIGURATION}-input-files.xcfilelist",
			);
			name = "[CP] Embed Pods Frameworks";
			outputFileListPaths = (
				"${PODS_ROOT}/Target Support Files/Pods-newsApp/Pods-newsApp-frameworks-${CONFIGURATION}-output-files.xcfilelist",
			);
			runOnlyForDeploymentPostprocessing = 0;
			shellPath = /bin/sh;
			shellScript = "\"${PODS_ROOT}/Target Support Files/Pods-newsApp/Pods-newsApp-frameworks.sh\"\n";
			showEnvVarsInLog = 0;
		};
		C7E346466041965112CD261F /* [CP] Check Pods Manifest.lock */ = {
			isa = PBXShellScriptBuildPhase;
			buildActionMask = 2147483647;
			files = (
			);
			inputFileListPaths = (
			);
			inputPaths = (
				"${PODS_PODFILE_DIR_PATH}/Podfile.lock",
				"${PODS_ROOT}/Manifest.lock",
			);
			name = "[CP] Check Pods Manifest.lock";
			outputFileListPaths = (
			);
			outputPaths = (
				"$(DERIVED_FILE_DIR)/Pods-newsApp-checkManifestLockResult.txt",
			);
			runOnlyForDeploymentPostprocessing = 0;
			shellPath = /bin/sh;
			shellScript = "diff \"${PODS_PODFILE_DIR_PATH}/Podfile.lock\" \"${PODS_ROOT}/Manifest.lock\" > /dev/null\nif [ $? != 0 ] ; then\n    # print error to STDERR\n    echo \"error: The sandbox is not in sync with the Podfile.lock. Run 'pod install' or update your CocoaPods installation.\" >&2\n    exit 1\nfi\n# This output is used by Xcode 'outputs' to avoid re-running this script phase.\necho \"SUCCESS\" > \"${SCRIPT_OUTPUT_FILE_0}\"\n";
			showEnvVarsInLog = 0;
		};
		CE64A0002715A29200774BE9 /* ShellScript */ = {
			isa = PBXShellScriptBuildPhase;
			buildActionMask = 2147483647;
			files = (
			);
			inputFileListPaths = (
			);
			inputPaths = (
			);
			outputFileListPaths = (
			);
			outputPaths = (
			);
			runOnlyForDeploymentPostprocessing = 0;
			shellPath = /bin/sh;
			shellScript = "\"${PODS_ROOT}/SwiftLint/swiftlint\"\n";
		};
/* End PBXShellScriptBuildPhase section */

/* Begin PBXSourcesBuildPhase section */
		CE649FDF27159B8500774BE9 /* Sources */ = {
			isa = PBXSourcesBuildPhase;
			buildActionMask = 2147483647;
			files = (
				CE649FEB27159B8500774BE9 /* ViewController.swift in Sources */,
				CEA87C72271EE55700564DC8 /* SignInViewModel.swift in Sources */,
				CE649FE727159B8500774BE9 /* AppDelegate.swift in Sources */,
				CEA87C75271EFD5E00564DC8 /* SignInModel.swift in Sources */,
				CEA87C82271F4D5400564DC8 /* UIViewControllerExtensions.swift in Sources */,
				CEA87C7E271F4B6200564DC8 /* HomeViewController.swift in Sources */,
				CEA87C86271FD7B500564DC8 /* ProfileViewController.swift in Sources */,
				CE649FF127159B8500774BE9 /* newsApp.xcdatamodeld in Sources */,
				CEA87C90271FF23900564DC8 /* APIConstants.swift in Sources */,
				CEA87C6B271ED4F700564DC8 /* SignInViewController.swift in Sources */,
				CEA87C8E271FEE2F00564DC8 /* NewsModel.swift in Sources */,
				CE649FE927159B8500774BE9 /* SceneDelegate.swift in Sources */,
				CEA87C84271F4FE800564DC8 /* UIColorExtensions.swift in Sources */,
				CEA87C88271FD7EF00564DC8 /* SettingsViewController.swift in Sources */,
			);
			runOnlyForDeploymentPostprocessing = 0;
		};
/* End PBXSourcesBuildPhase section */

/* Begin PBXVariantGroup section */
		CE649FEC27159B8500774BE9 /* Main.storyboard */ = {
			isa = PBXVariantGroup;
			children = (
				CE649FED27159B8500774BE9 /* Base */,
			);
			name = Main.storyboard;
			sourceTree = "<group>";
		};
		CE649FF427159B8500774BE9 /* LaunchScreen.storyboard */ = {
			isa = PBXVariantGroup;
			children = (
				CE649FF527159B8500774BE9 /* Base */,
			);
			name = LaunchScreen.storyboard;
			sourceTree = "<group>";
		};
/* End PBXVariantGroup section */

/* Begin XCBuildConfiguration section */
		CE649FF827159B8500774BE9 /* Debug */ = {
			isa = XCBuildConfiguration;
			buildSettings = {
				ALWAYS_SEARCH_USER_PATHS = NO;
				CLANG_ANALYZER_NONNULL = YES;
				CLANG_ANALYZER_NUMBER_OBJECT_CONVERSION = YES_AGGRESSIVE;
				CLANG_CXX_LANGUAGE_STANDARD = "gnu++14";
				CLANG_CXX_LIBRARY = "libc++";
				CLANG_ENABLE_MODULES = YES;
				CLANG_ENABLE_OBJC_ARC = YES;
				CLANG_ENABLE_OBJC_WEAK = YES;
				CLANG_WARN_BLOCK_CAPTURE_AUTORELEASING = YES;
				CLANG_WARN_BOOL_CONVERSION = YES;
				CLANG_WARN_COMMA = YES;
				CLANG_WARN_CONSTANT_CONVERSION = YES;
				CLANG_WARN_DEPRECATED_OBJC_IMPLEMENTATIONS = YES;
				CLANG_WARN_DIRECT_OBJC_ISA_USAGE = YES_ERROR;
				CLANG_WARN_DOCUMENTATION_COMMENTS = YES;
				CLANG_WARN_EMPTY_BODY = YES;
				CLANG_WARN_ENUM_CONVERSION = YES;
				CLANG_WARN_INFINITE_RECURSION = YES;
				CLANG_WARN_INT_CONVERSION = YES;
				CLANG_WARN_NON_LITERAL_NULL_CONVERSION = YES;
				CLANG_WARN_OBJC_IMPLICIT_RETAIN_SELF = YES;
				CLANG_WARN_OBJC_LITERAL_CONVERSION = YES;
				CLANG_WARN_OBJC_ROOT_CLASS = YES_ERROR;
				CLANG_WARN_QUOTED_INCLUDE_IN_FRAMEWORK_HEADER = YES;
				CLANG_WARN_RANGE_LOOP_ANALYSIS = YES;
				CLANG_WARN_STRICT_PROTOTYPES = YES;
				CLANG_WARN_SUSPICIOUS_MOVE = YES;
				CLANG_WARN_UNGUARDED_AVAILABILITY = YES_AGGRESSIVE;
				CLANG_WARN_UNREACHABLE_CODE = YES;
				CLANG_WARN__DUPLICATE_METHOD_MATCH = YES;
				COPY_PHASE_STRIP = NO;
				DEBUG_INFORMATION_FORMAT = dwarf;
				ENABLE_STRICT_OBJC_MSGSEND = YES;
				ENABLE_TESTABILITY = YES;
				GCC_C_LANGUAGE_STANDARD = gnu11;
				GCC_DYNAMIC_NO_PIC = NO;
				GCC_NO_COMMON_BLOCKS = YES;
				GCC_OPTIMIZATION_LEVEL = 0;
				GCC_PREPROCESSOR_DEFINITIONS = (
					"DEBUG=1",
					"$(inherited)",
				);
				GCC_WARN_64_TO_32_BIT_CONVERSION = YES;
				GCC_WARN_ABOUT_RETURN_TYPE = YES_ERROR;
				GCC_WARN_UNDECLARED_SELECTOR = YES;
				GCC_WARN_UNINITIALIZED_AUTOS = YES_AGGRESSIVE;
				GCC_WARN_UNUSED_FUNCTION = YES;
				GCC_WARN_UNUSED_VARIABLE = YES;
				IPHONEOS_DEPLOYMENT_TARGET = 14.5;
				MTL_ENABLE_DEBUG_INFO = INCLUDE_SOURCE;
				MTL_FAST_MATH = YES;
				ONLY_ACTIVE_ARCH = YES;
				SDKROOT = iphoneos;
				SWIFT_ACTIVE_COMPILATION_CONDITIONS = DEBUG;
				SWIFT_OPTIMIZATION_LEVEL = "-Onone";
			};
			name = Debug;
		};
		CE649FF927159B8500774BE9 /* Release */ = {
			isa = XCBuildConfiguration;
			buildSettings = {
				ALWAYS_SEARCH_USER_PATHS = NO;
				CLANG_ANALYZER_NONNULL = YES;
				CLANG_ANALYZER_NUMBER_OBJECT_CONVERSION = YES_AGGRESSIVE;
				CLANG_CXX_LANGUAGE_STANDARD = "gnu++14";
				CLANG_CXX_LIBRARY = "libc++";
				CLANG_ENABLE_MODULES = YES;
				CLANG_ENABLE_OBJC_ARC = YES;
				CLANG_ENABLE_OBJC_WEAK = YES;
				CLANG_WARN_BLOCK_CAPTURE_AUTORELEASING = YES;
				CLANG_WARN_BOOL_CONVERSION = YES;
				CLANG_WARN_COMMA = YES;
				CLANG_WARN_CONSTANT_CONVERSION = YES;
				CLANG_WARN_DEPRECATED_OBJC_IMPLEMENTATIONS = YES;
				CLANG_WARN_DIRECT_OBJC_ISA_USAGE = YES_ERROR;
				CLANG_WARN_DOCUMENTATION_COMMENTS = YES;
				CLANG_WARN_EMPTY_BODY = YES;
				CLANG_WARN_ENUM_CONVERSION = YES;
				CLANG_WARN_INFINITE_RECURSION = YES;
				CLANG_WARN_INT_CONVERSION = YES;
				CLANG_WARN_NON_LITERAL_NULL_CONVERSION = YES;
				CLANG_WARN_OBJC_IMPLICIT_RETAIN_SELF = YES;
				CLANG_WARN_OBJC_LITERAL_CONVERSION = YES;
				CLANG_WARN_OBJC_ROOT_CLASS = YES_ERROR;
				CLANG_WARN_QUOTED_INCLUDE_IN_FRAMEWORK_HEADER = YES;
				CLANG_WARN_RANGE_LOOP_ANALYSIS = YES;
				CLANG_WARN_STRICT_PROTOTYPES = YES;
				CLANG_WARN_SUSPICIOUS_MOVE = YES;
				CLANG_WARN_UNGUARDED_AVAILABILITY = YES_AGGRESSIVE;
				CLANG_WARN_UNREACHABLE_CODE = YES;
				CLANG_WARN__DUPLICATE_METHOD_MATCH = YES;
				COPY_PHASE_STRIP = NO;
				DEBUG_INFORMATION_FORMAT = "dwarf-with-dsym";
				ENABLE_NS_ASSERTIONS = NO;
				ENABLE_STRICT_OBJC_MSGSEND = YES;
				GCC_C_LANGUAGE_STANDARD = gnu11;
				GCC_NO_COMMON_BLOCKS = YES;
				GCC_WARN_64_TO_32_BIT_CONVERSION = YES;
				GCC_WARN_ABOUT_RETURN_TYPE = YES_ERROR;
				GCC_WARN_UNDECLARED_SELECTOR = YES;
				GCC_WARN_UNINITIALIZED_AUTOS = YES_AGGRESSIVE;
				GCC_WARN_UNUSED_FUNCTION = YES;
				GCC_WARN_UNUSED_VARIABLE = YES;
				IPHONEOS_DEPLOYMENT_TARGET = 14.5;
				MTL_ENABLE_DEBUG_INFO = NO;
				MTL_FAST_MATH = YES;
				SDKROOT = iphoneos;
				SWIFT_COMPILATION_MODE = wholemodule;
				SWIFT_OPTIMIZATION_LEVEL = "-O";
				VALIDATE_PRODUCT = YES;
			};
			name = Release;
		};
		CE649FFB27159B8500774BE9 /* Debug */ = {
			isa = XCBuildConfiguration;
			baseConfigurationReference = 2E32DAF430AF28F37BFF7214 /* Pods-newsApp.debug.xcconfig */;
			buildSettings = {
				ASSETCATALOG_COMPILER_APPICON_NAME = AppIcon;
				ASSETCATALOG_COMPILER_GLOBAL_ACCENT_COLOR_NAME = AccentColor;
				CODE_SIGN_STYLE = Automatic;
				DEVELOPMENT_TEAM = BF2G2TXWDY;
				INFOPLIST_FILE = newsApp/Info.plist;
				IPHONEOS_DEPLOYMENT_TARGET = 13.4;
				LD_RUNPATH_SEARCH_PATHS = (
					"$(inherited)",
					"@executable_path/Frameworks",
				);
				PRODUCT_BUNDLE_IDENTIFIER = com.project.newsApp;
				PRODUCT_NAME = "$(TARGET_NAME)";
				SWIFT_VERSION = 5.0;
				TARGETED_DEVICE_FAMILY = 1;
			};
			name = Debug;
		};
		CE649FFC27159B8500774BE9 /* Release */ = {
			isa = XCBuildConfiguration;
			baseConfigurationReference = A5383CC124A504D7E9F8CC2D /* Pods-newsApp.release.xcconfig */;
			buildSettings = {
				ASSETCATALOG_COMPILER_APPICON_NAME = AppIcon;
				ASSETCATALOG_COMPILER_GLOBAL_ACCENT_COLOR_NAME = AccentColor;
				CODE_SIGN_STYLE = Automatic;
				DEVELOPMENT_TEAM = BF2G2TXWDY;
				INFOPLIST_FILE = newsApp/Info.plist;
				IPHONEOS_DEPLOYMENT_TARGET = 13.4;
				LD_RUNPATH_SEARCH_PATHS = (
					"$(inherited)",
					"@executable_path/Frameworks",
				);
				PRODUCT_BUNDLE_IDENTIFIER = com.project.newsApp;
				PRODUCT_NAME = "$(TARGET_NAME)";
				SWIFT_VERSION = 5.0;
				TARGETED_DEVICE_FAMILY = 1;
			};
			name = Release;
		};
/* End XCBuildConfiguration section */

/* Begin XCConfigurationList section */
		CE649FDE27159B8500774BE9 /* Build configuration list for PBXProject "newsApp" */ = {
			isa = XCConfigurationList;
			buildConfigurations = (
				CE649FF827159B8500774BE9 /* Debug */,
				CE649FF927159B8500774BE9 /* Release */,
			);
			defaultConfigurationIsVisible = 0;
			defaultConfigurationName = Release;
		};
		CE649FFA27159B8500774BE9 /* Build configuration list for PBXNativeTarget "newsApp" */ = {
			isa = XCConfigurationList;
			buildConfigurations = (
				CE649FFB27159B8500774BE9 /* Debug */,
				CE649FFC27159B8500774BE9 /* Release */,
			);
			defaultConfigurationIsVisible = 0;
			defaultConfigurationName = Release;
		};
/* End XCConfigurationList section */

/* Begin XCVersionGroup section */
		CE649FEF27159B8500774BE9 /* newsApp.xcdatamodeld */ = {
			isa = XCVersionGroup;
			children = (
				CE649FF027159B8500774BE9 /* newsApp.xcdatamodel */,
			);
			currentVersion = CE649FF027159B8500774BE9 /* newsApp.xcdatamodel */;
			path = newsApp.xcdatamodeld;
			sourceTree = "<group>";
			versionGroupType = wrapper.xcdatamodel;
		};
/* End XCVersionGroup section */
	};
	rootObject = CE649FDB27159B8500774BE9 /* Project object */;
}
